{
  "requires": true,
  "lockfileVersion": 1,
  "dependencies": {
    "@angular/animations": {
      "version": "12.2.2",
      "resolved": "https://registry.npmjs.org/@angular/animations/-/animations-12.2.2.tgz",
      "integrity": "sha512-arJzev1GYJYU5cR0x02WFm98ucuPaMuEjAoD+Yggl8Y0usefUm282ZZ+Jl4wCgbhus1JAjpFpoVQuZCVSn6F1g==",
      "requires": {
        "tslib": "^2.2.0"
      }
    },
    "@angular/cdk": {
      "version": "12.2.2",
      "resolved": "https://registry.npmjs.org/@angular/cdk/-/cdk-12.2.2.tgz",
      "integrity": "sha512-aF8pfzJYfTeMpc+71nXcSaHOOjAdk+XEKTbTSmOO++OLoOevUoQU0ap0g+H3pfKyO5QCx28IZQxtQHV134QrqA==",
      "requires": {
        "parse5": "^5.0.0",
        "tslib": "^2.2.0"
      }
    },
    "@angular/material": {
      "version": "12.2.2",
      "resolved": "https://registry.npmjs.org/@angular/material/-/material-12.2.2.tgz",
      "integrity": "sha512-leBvANI2RzK2QaWkW1ZX1M5lePAEYRYoRwtKLxYiNfUreArHpz44qpOhXwsYD2aJ+ZrdCRZxEPHe2r+2LpN8Uw==",
      "requires": {
        "tslib": "^2.2.0"
      }
    },
    "parse5": {
      "version": "5.1.1",
      "resolved": "https://registry.npmjs.org/parse5/-/parse5-5.1.1.tgz",
      "integrity": "sha512-ugq4DFI0Ptb+WWjAdOK16+u/nHfiIrcE+sh8kZMaM0WllQKLI9rOUq6c2b7cwPkXdzfQESqvoqK6ug7U/Yyzug==",
      "optional": true
    },
    "tslib": {
      "version": "2.3.1",
      "resolved": "https://registry.npmjs.org/tslib/-/tslib-2.3.1.tgz",
      "integrity": "sha512-77EbyPPpMz+FRFRuAFlWMtmgUWGe9UOG2Z25NqCwiIjRhOf5iKGuzSe5P2w1laq+FkRy4p+PCuVkJSGkzTEKVw=="
    }
  }
}
